
Microsoft Visual Studio Solution File, Format Version 12.00
# Visual Studio 14
VisualStudioVersion = 14.0.25420.1
MinimumVisualStudioVersion = 10.0.40219.1
Project("{FAE04EC0-301F-11D3-BF4B-00C04F79EFBC}") = "LineSampleBrianMc", "LineSampleBrianMc\LineSampleBrianMc.csproj", "{943A8846-6C40-4E7B-9173-998329DE9082}"
EndProject
Project("{FAE04EC0-301F-11D3-BF4B-00C04F79EFBC}") = "LineSampleBrianMc.Tests", "LineSampleBrianMc.Tests\LineSampleBrianMc.Tests.csproj", "{CBF6D68B-B153-4266-9F57-2F3C445A70AD}"
EndProject
Global
	GlobalSection(SolutionConfigurationPlatforms) = preSolution
		Debug|Any CPU = Debug|Any CPU
		Release|Any CPU = Release|Any CPU
	EndGlobalSection
	GlobalSection(ProjectConfigurationPlatforms) = postSolution
		{943A8846-6C40-4E7B-9173-998329DE9082}.Debug|Any CPU.ActiveCfg = Debug|Any CPU
		{943A8846-6C40-4E7B-9173-998329DE9082}.Debug|Any CPU.Build.0 = Debug|Any CPU
		{943A8846-6C40-4E7B-9173-998329DE9082}.Release|Any CPU.ActiveCfg = Release|Any CPU
		{943A8846-6C40-4E7B-9173-998329DE9082}.Release|Any CPU.Build.0 = Release|Any CPU
		{CBF6D68B-B153-4266-9F57-2F3C445A70AD}.Debug|Any CPU.ActiveCfg = Debug|Any CPU
		{CBF6D68B-B153-4266-9F57-2F3C445A70AD}.Debug|Any CPU.Build.0 = Debug|Any CPU
		{CBF6D68B-B153-4266-9F57-2F3C445A70AD}.Release|Any CPU.ActiveCfg = Release|Any CPU
		{CBF6D68B-B153-4266-9F57-2F3C445A70AD}.Release|Any CPU.Build.0 = Release|Any CPU
	EndGlobalSection
	GlobalSection(SolutionProperties) = preSolution
		HideSolutionNode = FALSE
	EndGlobalSection
EndGlobal
